
Microsoft Visual Studio Solution File, Format Version 12.00
# Visual Studio Version 17
Project("{8BC9CEB8-8B4A-11D0-8D11-00A0C91BC942}") = "ALL_BUILD", "ALL_BUILD.vcxproj", "{86EC6673-3601-317B-AC6E-08128E7821D6}"
	ProjectSection(ProjectDependencies) = postProject
		{26814D61-5DDE-3D46-91DE-489816E57AA3} = {26814D61-5DDE-3D46-91DE-489816E57AA3}
		{5D5645A1-2556-32FA-844E-97A93E3FAC11} = {5D5645A1-2556-32FA-844E-97A93E3FAC11}
	EndProjectSection
EndProject
Project("{8BC9CEB8-8B4A-11D0-8D11-00A0C91BC942}") = "ZERO_CHECK", "ZERO_CHECK.vcxproj", "{26814D61-5DDE-3D46-91DE-489816E57AA3}"
	ProjectSection(ProjectDependencies) = postProject
	EndProjectSection
EndProject
Project("{8BC9CEB8-8B4A-11D0-8D11-00A0C91BC942}") = "my_first_cmake_program", "my_first_cmake_program.vcxproj", "{5D5645A1-2556-32FA-844E-97A93E3FAC11}"
	ProjectSection(ProjectDependencies) = postProject
		{26814D61-5DDE-3D46-91DE-489816E57AA3} = {26814D61-5DDE-3D46-91DE-489816E57AA3}
	EndProjectSection
EndProject
Global
	GlobalSection(SolutionConfigurationPlatforms) = preSolution
		Debug|x64 = Debug|x64
		Release|x64 = Release|x64
		MinSizeRel|x64 = MinSizeRel|x64
		RelWithDebInfo|x64 = RelWithDebInfo|x64
	EndGlobalSection
	GlobalSection(ProjectConfigurationPlatforms) = postSolution
		{86EC6673-3601-317B-AC6E-08128E7821D6}.Debug|x64.ActiveCfg = Debug|x64
		{86EC6673-3601-317B-AC6E-08128E7821D6}.Release|x64.ActiveCfg = Release|x64
		{86EC6673-3601-317B-AC6E-08128E7821D6}.MinSizeRel|x64.ActiveCfg = MinSizeRel|x64
		{86EC6673-3601-317B-AC6E-08128E7821D6}.RelWithDebInfo|x64.ActiveCfg = RelWithDebInfo|x64
		{26814D61-5DDE-3D46-91DE-489816E57AA3}.Debug|x64.ActiveCfg = Debug|x64
		{26814D61-5DDE-3D46-91DE-489816E57AA3}.Debug|x64.Build.0 = Debug|x64
		{26814D61-5DDE-3D46-91DE-489816E57AA3}.Release|x64.ActiveCfg = Release|x64
		{26814D61-5DDE-3D46-91DE-489816E57AA3}.Release|x64.Build.0 = Release|x64
		{26814D61-5DDE-3D46-91DE-489816E57AA3}.MinSizeRel|x64.ActiveCfg = MinSizeRel|x64
		{26814D61-5DDE-3D46-91DE-489816E57AA3}.MinSizeRel|x64.Build.0 = MinSizeRel|x64
		{26814D61-5DDE-3D46-91DE-489816E57AA3}.RelWithDebInfo|x64.ActiveCfg = RelWithDebInfo|x64
		{26814D61-5DDE-3D46-91DE-489816E57AA3}.RelWithDebInfo|x64.Build.0 = RelWithDebInfo|x64
		{5D5645A1-2556-32FA-844E-97A93E3FAC11}.Debug|x64.ActiveCfg = Debug|x64
		{5D5645A1-2556-32FA-844E-97A93E3FAC11}.Debug|x64.Build.0 = Debug|x64
		{5D5645A1-2556-32FA-844E-97A93E3FAC11}.Release|x64.ActiveCfg = Release|x64
		{5D5645A1-2556-32FA-844E-97A93E3FAC11}.Release|x64.Build.0 = Release|x64
		{5D5645A1-2556-32FA-844E-97A93E3FAC11}.MinSizeRel|x64.ActiveCfg = MinSizeRel|x64
		{5D5645A1-2556-32FA-844E-97A93E3FAC11}.MinSizeRel|x64.Build.0 = MinSizeRel|x64
		{5D5645A1-2556-32FA-844E-97A93E3FAC11}.RelWithDebInfo|x64.ActiveCfg = RelWithDebInfo|x64
		{5D5645A1-2556-32FA-844E-97A93E3FAC11}.RelWithDebInfo|x64.Build.0 = RelWithDebInfo|x64
	EndGlobalSection
	GlobalSection(ExtensibilityGlobals) = postSolution
		SolutionGuid = {C12F1578-7824-38F7-AF4C-D1586C2E6B54}
	EndGlobalSection
	GlobalSection(ExtensibilityAddIns) = postSolution
	EndGlobalSection
EndGlobal
